
Microsoft Visual Studio Solution File, Format Version 12.00
# Visual Studio Version 17
VisualStudioVersion = 17.14.36327.8 d17.14
MinimumVisualStudioVersion = 10.0.40219.1
Project("{FAE04EC0-301F-11D3-BF4B-00C04F79EFBC}") = "PosBox.MVC", "PosBox.MVC\PosBox.MVC.csproj", "{3B58D634-57D4-4CCB-B7B0-A7ED0B03FD8B}"
EndProject
Project("{FAE04EC0-301F-11D3-BF4B-00C04F79EFBC}") = "PosBox.DAL", "PosBox.DAL\PosBox.DAL.csproj", "{564E75E1-C7DF-453F-A6D8-949976FB63CC}"
EndProject
Project("{FAE04EC0-301F-11D3-BF4B-00C04F79EFBC}") = "PosBox.BLL", "PosBox.BLL\PosBox.BLL.csproj", "{B6EB9009-63C5-412F-9B55-E1AA8F3746C1}"
EndProject
Global
	GlobalSection(SolutionConfigurationPlatforms) = preSolution
		Debug|Any CPU = Debug|Any CPU
		Release|Any CPU = Release|Any CPU
	EndGlobalSection
	GlobalSection(ProjectConfigurationPlatforms) = postSolution
		{3B58D634-57D4-4CCB-B7B0-A7ED0B03FD8B}.Debug|Any CPU.ActiveCfg = Debug|Any CPU
		{3B58D634-57D4-4CCB-B7B0-A7ED0B03FD8B}.Debug|Any CPU.Build.0 = Debug|Any CPU
		{3B58D634-57D4-4CCB-B7B0-A7ED0B03FD8B}.Release|Any CPU.ActiveCfg = Release|Any CPU
		{3B58D634-57D4-4CCB-B7B0-A7ED0B03FD8B}.Release|Any CPU.Build.0 = Release|Any CPU
		{564E75E1-C7DF-453F-A6D8-949976FB63CC}.Debug|Any CPU.ActiveCfg = Debug|Any CPU
		{564E75E1-C7DF-453F-A6D8-949976FB63CC}.Debug|Any CPU.Build.0 = Debug|Any CPU
		{564E75E1-C7DF-453F-A6D8-949976FB63CC}.Release|Any CPU.ActiveCfg = Release|Any CPU
		{564E75E1-C7DF-453F-A6D8-949976FB63CC}.Release|Any CPU.Build.0 = Release|Any CPU
		{B6EB9009-63C5-412F-9B55-E1AA8F3746C1}.Debug|Any CPU.ActiveCfg = Debug|Any CPU
		{B6EB9009-63C5-412F-9B55-E1AA8F3746C1}.Debug|Any CPU.Build.0 = Debug|Any CPU
		{B6EB9009-63C5-412F-9B55-E1AA8F3746C1}.Release|Any CPU.ActiveCfg = Release|Any CPU
		{B6EB9009-63C5-412F-9B55-E1AA8F3746C1}.Release|Any CPU.Build.0 = Release|Any CPU
	EndGlobalSection
	GlobalSection(SolutionProperties) = preSolution
		HideSolutionNode = FALSE
	EndGlobalSection
	GlobalSection(ExtensibilityGlobals) = postSolution
		SolutionGuid = {73EB5BC1-EC6C-4B0A-8F89-9CDAADEB5383}
	EndGlobalSection
EndGlobal
